
Microsoft Visual Studio Solution File, Format Version 12.00
# Visual Studio Version 17
VisualStudioVersion = 17.10.34928.147
MinimumVisualStudioVersion = 10.0.40219.1
Project("{FAE04EC0-301F-11D3-BF4B-00C04F79EFBC}") = "SistemaSCP_API", "SistemaSCP_API.csproj", "{7779079F-0231-4194-A20E-446C9A7FE857}"
EndProject
Global
	GlobalSection(SolutionConfigurationPlatforms) = preSolution
		Debug|Any CPU = Debug|Any CPU
		Release|Any CPU = Release|Any CPU
	EndGlobalSection
	GlobalSection(ProjectConfigurationPlatforms) = postSolution
		{7779079F-0231-4194-A20E-446C9A7FE857}.Debug|Any CPU.ActiveCfg = Debug|Any CPU
		{7779079F-0231-4194-A20E-446C9A7FE857}.Debug|Any CPU.Build.0 = Debug|Any CPU
		{7779079F-0231-4194-A20E-446C9A7FE857}.Release|Any CPU.ActiveCfg = Release|Any CPU
		{7779079F-0231-4194-A20E-446C9A7FE857}.Release|Any CPU.Build.0 = Release|Any CPU
	EndGlobalSection
	GlobalSection(SolutionProperties) = preSolution
		HideSolutionNode = FALSE
	EndGlobalSection
	GlobalSection(ExtensibilityGlobals) = postSolution
		SolutionGuid = {71524F49-3582-4C7D-A802-8C91F7EC15BB}
	EndGlobalSection
EndGlobal
